
Microsoft Visual Studio Solution File, Format Version 12.00
# Visual Studio Version 17
VisualStudioVersion = 17.14.36511.14 d17.14
MinimumVisualStudioVersion = 10.0.40219.1
Project("{FAE04EC0-301F-11D3-BF4B-00C04F79EFBC}") = "BackendAPIDemo", "BackendAPIDemo.csproj", "{654958ED-8737-460E-BDE3-9DDECCE45AA2}"
EndProject
Project("{FAE04EC0-301F-11D3-BF4B-00C04F79EFBC}") = "LibDemo1", "..\LibDemo1\LibDemo1.csproj", "{49CE3422-C704-4A4D-830A-17757BC5CD6C}"
EndProject
Project("{FAE04EC0-301F-11D3-BF4B-00C04F79EFBC}") = "LibDemo2", "..\LibDemo2\LibDemo2.csproj", "{F0DB0BAD-DC21-45FF-9625-D00BC8DFE999}"
EndProject
Global
	GlobalSection(SolutionConfigurationPlatforms) = preSolution
		Debug|Any CPU = Debug|Any CPU
		Release|Any CPU = Release|Any CPU
	EndGlobalSection
	GlobalSection(ProjectConfigurationPlatforms) = postSolution
		{654958ED-8737-460E-BDE3-9DDECCE45AA2}.Debug|Any CPU.ActiveCfg = Debug|Any CPU
		{654958ED-8737-460E-BDE3-9DDECCE45AA2}.Debug|Any CPU.Build.0 = Debug|Any CPU
		{654958ED-8737-460E-BDE3-9DDECCE45AA2}.Release|Any CPU.ActiveCfg = Release|Any CPU
		{654958ED-8737-460E-BDE3-9DDECCE45AA2}.Release|Any CPU.Build.0 = Release|Any CPU
		{49CE3422-C704-4A4D-830A-17757BC5CD6C}.Debug|Any CPU.ActiveCfg = Debug|Any CPU
		{49CE3422-C704-4A4D-830A-17757BC5CD6C}.Debug|Any CPU.Build.0 = Debug|Any CPU
		{49CE3422-C704-4A4D-830A-17757BC5CD6C}.Release|Any CPU.ActiveCfg = Release|Any CPU
		{49CE3422-C704-4A4D-830A-17757BC5CD6C}.Release|Any CPU.Build.0 = Release|Any CPU
		{F0DB0BAD-DC21-45FF-9625-D00BC8DFE999}.Debug|Any CPU.ActiveCfg = Debug|Any CPU
		{F0DB0BAD-DC21-45FF-9625-D00BC8DFE999}.Debug|Any CPU.Build.0 = Debug|Any CPU
		{F0DB0BAD-DC21-45FF-9625-D00BC8DFE999}.Release|Any CPU.ActiveCfg = Release|Any CPU
		{F0DB0BAD-DC21-45FF-9625-D00BC8DFE999}.Release|Any CPU.Build.0 = Release|Any CPU
	EndGlobalSection
	GlobalSection(SolutionProperties) = preSolution
		HideSolutionNode = FALSE
	EndGlobalSection
	GlobalSection(ExtensibilityGlobals) = postSolution
		SolutionGuid = {1815D694-D599-4565-9DF7-A10B29A29ED8}
	EndGlobalSection
EndGlobal
